// !$*UTF8*$!
{
	archiveVersion = 1;
	classes = {
	};
	objectVersion = 56;
	objects = {

/* Begin PBXBuildFile section */
		32B0C85429B697B700AC9AFA /* AppDelegate.swift in Sources */ = {isa = PBXBuildFile; fileRef = 32B0C85329B697B700AC9AFA /* AppDelegate.swift */; };
		32B0C85629B697B700AC9AFA /* SceneDelegate.swift in Sources */ = {isa = PBXBuildFile; fileRef = 32B0C85529B697B700AC9AFA /* SceneDelegate.swift */; };
		32B0C85829B697B700AC9AFA /* ViewController.swift in Sources */ = {isa = PBXBuildFile; fileRef = 32B0C85729B697B700AC9AFA /* ViewController.swift */; };
		32B0C85B29B697B700AC9AFA /* Main.storyboard in Resources */ = {isa = PBXBuildFile; fileRef = 32B0C85929B697B700AC9AFA /* Main.storyboard */; };
		32B0C85D29B697B700AC9AFA /* Assets.xcassets in Resources */ = {isa = PBXBuildFile; fileRef = 32B0C85C29B697B700AC9AFA /* Assets.xcassets */; };
		32B0C86029B697B700AC9AFA /* LaunchScreen.storyboard in Resources */ = {isa = PBXBuildFile; fileRef = 32B0C85E29B697B700AC9AFA /* LaunchScreen.storyboard */; };
		32B0C86E29B69A5B00AC9AFA /* UniformTypeIdentifiers.framework in Frameworks */ = {isa = PBXBuildFile; fileRef = 32B0C86D29B69A5B00AC9AFA /* UniformTypeIdentifiers.framework */; };
		32B0C87129B69A5B00AC9AFA /* Media.xcassets in Resources */ = {isa = PBXBuildFile; fileRef = 32B0C87029B69A5B00AC9AFA /* Media.xcassets */; };
		32B0C87329B69A5B00AC9AFA /* ActionViewController.swift in Sources */ = {isa = PBXBuildFile; fileRef = 32B0C87229B69A5B00AC9AFA /* ActionViewController.swift */; };
		32B0C87629B69A5B00AC9AFA /* MainInterface.storyboard in Resources */ = {isa = PBXBuildFile; fileRef = 32B0C87429B69A5B00AC9AFA /* MainInterface.storyboard */; };
		32B0C87A29B69A5B00AC9AFA /* Extension.appex in Embed Foundation Extensions */ = {isa = PBXBuildFile; fileRef = 32B0C86B29B69A5B00AC9AFA /* Extension.appex */; settings = {ATTRIBUTES = (RemoveHeadersOnCopy, ); }; };
		32B0C88029B6A43400AC9AFA /* Action.js in Resources */ = {isa = PBXBuildFile; fileRef = 32B0C87F29B6A43400AC9AFA /* Action.js */; };
		32B0C88229B7E92500AC9AFA /* DetailViewController.swift in Sources */ = {isa = PBXBuildFile; fileRef = 32B0C88129B7E92500AC9AFA /* DetailViewController.swift */; };
		32B0C88429B7EBE400AC9AFA /* UserCode.swift in Sources */ = {isa = PBXBuildFile; fileRef = 32B0C88329B7EBE400AC9AFA /* UserCode.swift */; };
		32B0C88829B7F7AE00AC9AFA /* Example.swift in Sources */ = {isa = PBXBuildFile; fileRef = 32B0C88729B7F7AE00AC9AFA /* Example.swift */; };
/* End PBXBuildFile section */

/* Begin PBXContainerItemProxy section */
		32B0C87829B69A5B00AC9AFA /* PBXContainerItemProxy */ = {
			isa = PBXContainerItemProxy;
			containerPortal = 32B0C84829B697B700AC9AFA /* Project object */;
			proxyType = 1;
			remoteGlobalIDString = 32B0C86A29B69A5B00AC9AFA;
			remoteInfo = Extension;
		};
/* End PBXContainerItemProxy section */

/* Begin PBXCopyFilesBuildPhase section */
		32B0C87E29B69A5B00AC9AFA /* Embed Foundation Extensions */ = {
			isa = PBXCopyFilesBuildPhase;
			buildActionMask = 2147483647;
			dstPath = "";
			dstSubfolderSpec = 13;
			files = (
				32B0C87A29B69A5B00AC9AFA /* Extension.appex in Embed Foundation Extensions */,
			);
			name = "Embed Foundation Extensions";
			runOnlyForDeploymentPostprocessing = 0;
		};
/* End PBXCopyFilesBuildPhase section */

/* Begin PBXFileReference section */
		32B0C85029B697B700AC9AFA /* Project 19.app */ = {isa = PBXFileReference; explicitFileType = wrapper.application; includeInIndex = 0; path = "Project 19.app"; sourceTree = BUILT_PRODUCTS_DIR; };
		32B0C85329B697B700AC9AFA /* AppDelegate.swift */ = {isa = PBXFileReference; lastKnownFileType = sourcecode.swift; path = AppDelegate.swift; sourceTree = "<group>"; };
		32B0C85529B697B700AC9AFA /* SceneDelegate.swift */ = {isa = PBXFileReference; lastKnownFileType = sourcecode.swift; path = SceneDelegate.swift; sourceTree = "<group>"; };
		32B0C85729B697B700AC9AFA /* ViewController.swift */ = {isa = PBXFileReference; lastKnownFileType = sourcecode.swift; path = ViewController.swift; sourceTree = "<group>"; };
		32B0C85A29B697B700AC9AFA /* Base */ = {isa = PBXFileReference; lastKnownFileType = file.storyboard; name = Base; path = Base.lproj/Main.storyboard; sourceTree = "<group>"; };
		32B0C85C29B697B700AC9AFA /* Assets.xcassets */ = {isa = PBXFileReference; lastKnownFileType = folder.assetcatalog; path = Assets.xcassets; sourceTree = "<group>"; };
		32B0C85F29B697B700AC9AFA /* Base */ = {isa = PBXFileReference; lastKnownFileType = file.storyboard; name = Base; path = Base.lproj/LaunchScreen.storyboard; sourceTree = "<group>"; };
		32B0C86129B697B700AC9AFA /* Info.plist */ = {isa = PBXFileReference; lastKnownFileType = text.plist.xml; path = Info.plist; sourceTree = "<group>"; };
		32B0C86B29B69A5B00AC9AFA /* Extension.appex */ = {isa = PBXFileReference; explicitFileType = "wrapper.app-extension"; includeInIndex = 0; path = Extension.appex; sourceTree = BUILT_PRODUCTS_DIR; };
		32B0C86D29B69A5B00AC9AFA /* UniformTypeIdentifiers.framework */ = {isa = PBXFileReference; lastKnownFileType = wrapper.framework; name = UniformTypeIdentifiers.framework; path = System/Library/Frameworks/UniformTypeIdentifiers.framework; sourceTree = SDKROOT; };
		32B0C87029B69A5B00AC9AFA /* Media.xcassets */ = {isa = PBXFileReference; lastKnownFileType = folder.assetcatalog; path = Media.xcassets; sourceTree = "<group>"; };
		32B0C87229B69A5B00AC9AFA /* ActionViewController.swift */ = {isa = PBXFileReference; lastKnownFileType = sourcecode.swift; path = ActionViewController.swift; sourceTree = "<group>"; };
		32B0C87529B69A5B00AC9AFA /* Base */ = {isa = PBXFileReference; lastKnownFileType = file.storyboard; name = Base; path = Base.lproj/MainInterface.storyboard; sourceTree = "<group>"; };
		32B0C87729B69A5B00AC9AFA /* Info.plist */ = {isa = PBXFileReference; lastKnownFileType = text.plist.xml; path = Info.plist; sourceTree = "<group>"; };
		32B0C87F29B6A43400AC9AFA /* Action.js */ = {isa = PBXFileReference; lastKnownFileType = sourcecode.javascript; path = Action.js; sourceTree = "<group>"; };
		32B0C88129B7E92500AC9AFA /* DetailViewController.swift */ = {isa = PBXFileReference; lastKnownFileType = sourcecode.swift; path = DetailViewController.swift; sourceTree = "<group>"; };
		32B0C88329B7EBE400AC9AFA /* UserCode.swift */ = {isa = PBXFileReference; lastKnownFileType = sourcecode.swift; path = UserCode.swift; sourceTree = "<group>"; };
		32B0C88729B7F7AE00AC9AFA /* Example.swift */ = {isa = PBXFileReference; lastKnownFileType = sourcecode.swift; path = Example.swift; sourceTree = "<group>"; };
/* End PBXFileReference section */

/* Begin PBXFrameworksBuildPhase section */
		32B0C84D29B697B700AC9AFA /* Frameworks */ = {
			isa = PBXFrameworksBuildPhase;
			buildActionMask = 2147483647;
			files = (
			);
			runOnlyForDeploymentPostprocessing = 0;
		};
		32B0C86829B69A5B00AC9AFA /* Frameworks */ = {
			isa = PBXFrameworksBuildPhase;
			buildActionMask = 2147483647;
			files = (
				32B0C86E29B69A5B00AC9AFA /* UniformTypeIdentifiers.framework in Frameworks */,
			);
			runOnlyForDeploymentPostprocessing = 0;
		};
/* End PBXFrameworksBuildPhase section */

/* Begin PBXGroup section */
		32B0C84729B697B700AC9AFA = {
			isa = PBXGroup;
			children = (
				32B0C85229B697B700AC9AFA /* Project 19 */,
				32B0C86F29B69A5B00AC9AFA /* Extension */,
				32B0C86C29B69A5B00AC9AFA /* Frameworks */,
				32B0C85129B697B700AC9AFA /* Products */,
			);
			sourceTree = "<group>";
		};
		32B0C85129B697B700AC9AFA /* Products */ = {
			isa = PBXGroup;
			children = (
				32B0C85029B697B700AC9AFA /* Project 19.app */,
				32B0C86B29B69A5B00AC9AFA /* Extension.appex */,
			);
			name = Products;
			sourceTree = "<group>";
		};
		32B0C85229B697B700AC9AFA /* Project 19 */ = {
			isa = PBXGroup;
			children = (
				32B0C85329B697B700AC9AFA /* AppDelegate.swift */,
				32B0C85529B697B700AC9AFA /* SceneDelegate.swift */,
				32B0C85729B697B700AC9AFA /* ViewController.swift */,
				32B0C85929B697B700AC9AFA /* Main.storyboard */,
				32B0C85C29B697B700AC9AFA /* Assets.xcassets */,
				32B0C85E29B697B700AC9AFA /* LaunchScreen.storyboard */,
				32B0C86129B697B700AC9AFA /* Info.plist */,
			);
			path = "Project 19";
			sourceTree = "<group>";
		};
		32B0C86C29B69A5B00AC9AFA /* Frameworks */ = {
			isa = PBXGroup;
			children = (
				32B0C86D29B69A5B00AC9AFA /* UniformTypeIdentifiers.framework */,
			);
			name = Frameworks;
			sourceTree = "<group>";
		};
		32B0C86F29B69A5B00AC9AFA /* Extension */ = {
			isa = PBXGroup;
			children = (
				32B0C87029B69A5B00AC9AFA /* Media.xcassets */,
				32B0C87229B69A5B00AC9AFA /* ActionViewController.swift */,
				32B0C88729B7F7AE00AC9AFA /* Example.swift */,
				32B0C88129B7E92500AC9AFA /* DetailViewController.swift */,
				32B0C88329B7EBE400AC9AFA /* UserCode.swift */,
				32B0C87429B69A5B00AC9AFA /* MainInterface.storyboard */,
				32B0C87729B69A5B00AC9AFA /* Info.plist */,
				32B0C87F29B6A43400AC9AFA /* Action.js */,
			);
			path = Extension;
			sourceTree = "<group>";
		};
/* End PBXGroup section */

/* Begin PBXNativeTarget section */
		32B0C84F29B697B700AC9AFA /* Project 19 */ = {
			isa = PBXNativeTarget;
			buildConfigurationList = 32B0C86429B697B700AC9AFA /* Build configuration list for PBXNativeTarget "Project 19" */;
			buildPhases = (
				32B0C84C29B697B700AC9AFA /* Sources */,
				32B0C84D29B697B700AC9AFA /* Frameworks */,
				32B0C84E29B697B700AC9AFA /* Resources */,
				32B0C87E29B69A5B00AC9AFA /* Embed Foundation Extensions */,
			);
			buildRules = (
			);
			dependencies = (
				32B0C87929B69A5B00AC9AFA /* PBXTargetDependency */,
			);
			name = "Project 19";
			productName = "Project 19";
			productReference = 32B0C85029B697B700AC9AFA /* Project 19.app */;
			productType = "com.apple.product-type.application";
		};
		32B0C86A29B69A5B00AC9AFA /* Extension */ = {
			isa = PBXNativeTarget;
			buildConfigurationList = 32B0C87B29B69A5B00AC9AFA /* Build configuration list for PBXNativeTarget "Extension" */;
			buildPhases = (
				32B0C86729B69A5B00AC9AFA /* Sources */,
				32B0C86829B69A5B00AC9AFA /* Frameworks */,
				32B0C86929B69A5B00AC9AFA /* Resources */,
			);
			buildRules = (
			);
			dependencies = (
			);
			name = Extension;
			productName = Extension;
			productReference = 32B0C86B29B69A5B00AC9AFA /* Extension.appex */;
			productType = "com.apple.product-type.app-extension";
		};
/* End PBXNativeTarget section */

/* Begin PBXProject section */
		32B0C84829B697B700AC9AFA /* Project object */ = {
			isa = PBXProject;
			attributes = {
				BuildIndependentTargetsInParallel = 1;
				LastSwiftUpdateCheck = 1400;
				LastUpgradeCheck = 1400;
				TargetAttributes = {
					32B0C84F29B697B700AC9AFA = {
						CreatedOnToolsVersion = 14.0.1;
					};
					32B0C86A29B69A5B00AC9AFA = {
						CreatedOnToolsVersion = 14.0.1;
					};
				};
			};
			buildConfigurationList = 32B0C84B29B697B700AC9AFA /* Build configuration list for PBXProject "Project 19" */;
			compatibilityVersion = "Xcode 14.0";
			developmentRegion = en;
			hasScannedForEncodings = 0;
			knownRegions = (
				en,
				Base,
			);
			mainGroup = 32B0C84729B697B700AC9AFA;
			productRefGroup = 32B0C85129B697B700AC9AFA /* Products */;
			projectDirPath = "";
			projectRoot = "";
			targets = (
				32B0C84F29B697B700AC9AFA /* Project 19 */,
				32B0C86A29B69A5B00AC9AFA /* Extension */,
			);
		};
/* End PBXProject section */

/* Begin PBXResourcesBuildPhase section */
		32B0C84E29B697B700AC9AFA /* Resources */ = {
			isa = PBXResourcesBuildPhase;
			buildActionMask = 2147483647;
			files = (
				32B0C86029B697B700AC9AFA /* LaunchScreen.storyboard in Resources */,
				32B0C85D29B697B700AC9AFA /* Assets.xcassets in Resources */,
				32B0C85B29B697B700AC9AFA /* Main.storyboard in Resources */,
			);
			runOnlyForDeploymentPostprocessing = 0;
		};
		32B0C86929B69A5B00AC9AFA /* Resources */ = {
			isa = PBXResourcesBuildPhase;
			buildActionMask = 2147483647;
			files = (
				32B0C88029B6A43400AC9AFA /* Action.js in Resources */,
				32B0C87129B69A5B00AC9AFA /* Media.xcassets in Resources */,
				32B0C87629B69A5B00AC9AFA /* MainInterface.storyboard in Resources */,
			);
			runOnlyForDeploymentPostprocessing = 0;
		};
/* End PBXResourcesBuildPhase section */

/* Begin PBXSourcesBuildPhase section */
		32B0C84C29B697B700AC9AFA /* Sources */ = {
			isa = PBXSourcesBuildPhase;
			buildActionMask = 2147483647;
			files = (
				32B0C85829B697B700AC9AFA /* ViewController.swift in Sources */,
				32B0C85429B697B700AC9AFA /* AppDelegate.swift in Sources */,
				32B0C85629B697B700AC9AFA /* SceneDelegate.swift in Sources */,
			);
			runOnlyForDeploymentPostprocessing = 0;
		};
		32B0C86729B69A5B00AC9AFA /* Sources */ = {
			isa = PBXSourcesBuildPhase;
			buildActionMask = 2147483647;
			files = (
				32B0C87329B69A5B00AC9AFA /* ActionViewController.swift in Sources */,
				32B0C88429B7EBE400AC9AFA /* UserCode.swift in Sources */,
				32B0C88229B7E92500AC9AFA /* DetailViewController.swift in Sources */,
				32B0C88829B7F7AE00AC9AFA /* Example.swift in Sources */,
			);
			runOnlyForDeploymentPostprocessing = 0;
		};
/* End PBXSourcesBuildPhase section */

/* Begin PBXTargetDependency section */
		32B0C87929B69A5B00AC9AFA /* PBXTargetDependency */ = {
			isa = PBXTargetDependency;
			target = 32B0C86A29B69A5B00AC9AFA /* Extension */;
			targetProxy = 32B0C87829B69A5B00AC9AFA /* PBXContainerItemProxy */;
		};
/* End PBXTargetDependency section */

/* Begin PBXVariantGroup section */
		32B0C85929B697B700AC9AFA /* Main.storyboard */ = {
			isa = PBXVariantGroup;
			children = (
				32B0C85A29B697B700AC9AFA /* Base */,
			);
			name = Main.storyboard;
			sourceTree = "<group>";
		};
		32B0C85E29B697B700AC9AFA /* LaunchScreen.storyboard */ = {
			isa = PBXVariantGroup;
			children = (
				32B0C85F29B697B700AC9AFA /* Base */,
			);
			name = LaunchScreen.storyboard;
			sourceTree = "<group>";
		};
		32B0C87429B69A5B00AC9AFA /* MainInterface.storyboard */ = {
			isa = PBXVariantGroup;
			children = (
				32B0C87529B69A5B00AC9AFA /* Base */,
			);
			name = MainInterface.storyboard;
			sourceTree = "<group>";
		};
/* End PBXVariantGroup section */

/* Begin XCBuildConfiguration section */
		32B0C86229B697B700AC9AFA /* Debug */ = {
			isa = XCBuildConfiguration;
			buildSettings = {
				ALWAYS_SEARCH_USER_PATHS = NO;
				CLANG_ANALYZER_NONNULL = YES;
				CLANG_ANALYZER_NUMBER_OBJECT_CONVERSION = YES_AGGRESSIVE;
				CLANG_CXX_LANGUAGE_STANDARD = "gnu++20";
				CLANG_ENABLE_MODULES = YES;
				CLANG_ENABLE_OBJC_ARC = YES;
				CLANG_ENABLE_OBJC_WEAK = YES;
				CLANG_WARN_BLOCK_CAPTURE_AUTORELEASING = YES;
				CLANG_WARN_BOOL_CONVERSION = YES;
				CLANG_WARN_COMMA = YES;
				CLANG_WARN_CONSTANT_CONVERSION = YES;
				CLANG_WARN_DEPRECATED_OBJC_IMPLEMENTATIONS = YES;
				CLANG_WARN_DIRECT_OBJC_ISA_USAGE = YES_ERROR;
				CLANG_WARN_DOCUMENTATION_COMMENTS = YES;
				CLANG_WARN_EMPTY_BODY = YES;
				CLANG_WARN_ENUM_CONVERSION = YES;
				CLANG_WARN_INFINITE_RECURSION = YES;
				CLANG_WARN_INT_CONVERSION = YES;
				CLANG_WARN_NON_LITERAL_NULL_CONVERSION = YES;
				CLANG_WARN_OBJC_IMPLICIT_RETAIN_SELF = YES;
				CLANG_WARN_OBJC_LITERAL_CONVERSION = YES;
				CLANG_WARN_OBJC_ROOT_CLASS = YES_ERROR;
				CLANG_WARN_QUOTED_INCLUDE_IN_FRAMEWORK_HEADER = YES;
				CLANG_WARN_RANGE_LOOP_ANALYSIS = YES;
				CLANG_WARN_STRICT_PROTOTYPES = YES;
				CLANG_WARN_SUSPICIOUS_MOVE = YES;
				CLANG_WARN_UNGUARDED_AVAILABILITY = YES_AGGRESSIVE;
				CLANG_WARN_UNREACHABLE_CODE = YES;
				CLANG_WARN__DUPLICATE_METHOD_MATCH = YES;
				COPY_PHASE_STRIP = NO;
				DEBUG_INFORMATION_FORMAT = dwarf;
				ENABLE_STRICT_OBJC_MSGSEND = YES;
				ENABLE_TESTABILITY = YES;
				GCC_C_LANGUAGE_STANDARD = gnu11;
				GCC_DYNAMIC_NO_PIC = NO;
				GCC_NO_COMMON_BLOCKS = YES;
				GCC_OPTIMIZATION_LEVEL = 0;
				GCC_PREPROCESSOR_DEFINITIONS = (
					"DEBUG=1",
					"$(inherited)",
				);
				GCC_WARN_64_TO_32_BIT_CONVERSION = YES;
				GCC_WARN_ABOUT_RETURN_TYPE = YES_ERROR;
				GCC_WARN_UNDECLARED_SELECTOR = YES;
				GCC_WARN_UNINITIALIZED_AUTOS = YES_AGGRESSIVE;
				GCC_WARN_UNUSED_FUNCTION = YES;
				GCC_WARN_UNUSED_VARIABLE = YES;
				IPHONEOS_DEPLOYMENT_TARGET = 16.0;
				MTL_ENABLE_DEBUG_INFO = INCLUDE_SOURCE;
				MTL_FAST_MATH = YES;
				ONLY_ACTIVE_ARCH = YES;
				SDKROOT = iphoneos;
				SWIFT_ACTIVE_COMPILATION_CONDITIONS = DEBUG;
				SWIFT_OPTIMIZATION_LEVEL = "-Onone";
			};
			name = Debug;
		};
		32B0C86329B697B700AC9AFA /* Release */ = {
			isa = XCBuildConfiguration;
			buildSettings = {
				ALWAYS_SEARCH_USER_PATHS = NO;
				CLANG_ANALYZER_NONNULL = YES;
				CLANG_ANALYZER_NUMBER_OBJECT_CONVERSION = YES_AGGRESSIVE;
				CLANG_CXX_LANGUAGE_STANDARD = "gnu++20";
				CLANG_ENABLE_MODULES = YES;
				CLANG_ENABLE_OBJC_ARC = YES;
				CLANG_ENABLE_OBJC_WEAK = YES;
				CLANG_WARN_BLOCK_CAPTURE_AUTORELEASING = YES;
				CLANG_WARN_BOOL_CONVERSION = YES;
				CLANG_WARN_COMMA = YES;
				CLANG_WARN_CONSTANT_CONVERSION = YES;
				CLANG_WARN_DEPRECATED_OBJC_IMPLEMENTATIONS = YES;
				CLANG_WARN_DIRECT_OBJC_ISA_USAGE = YES_ERROR;
				CLANG_WARN_DOCUMENTATION_COMMENTS = YES;
				CLANG_WARN_EMPTY_BODY = YES;
				CLANG_WARN_ENUM_CONVERSION = YES;
				CLANG_WARN_INFINITE_RECURSION = YES;
				CLANG_WARN_INT_CONVERSION = YES;
				CLANG_WARN_NON_LITERAL_NULL_CONVERSION = YES;
				CLANG_WARN_OBJC_IMPLICIT_RETAIN_SELF = YES;
				CLANG_WARN_OBJC_LITERAL_CONVERSION = YES;
				CLANG_WARN_OBJC_ROOT_CLASS = YES_ERROR;
				CLANG_WARN_QUOTED_INCLUDE_IN_FRAMEWORK_HEADER = YES;
				CLANG_WARN_RANGE_LOOP_ANALYSIS = YES;
				CLANG_WARN_STRICT_PROTOTYPES = YES;
				CLANG_WARN_SUSPICIOUS_MOVE = YES;
				CLANG_WARN_UNGUARDED_AVAILABILITY = YES_AGGRESSIVE;
				CLANG_WARN_UNREACHABLE_CODE = YES;
				CLANG_WARN__DUPLICATE_METHOD_MATCH = YES;
				COPY_PHASE_STRIP = NO;
				DEBUG_INFORMATION_FORMAT = "dwarf-with-dsym";
				ENABLE_NS_ASSERTIONS = NO;
				ENABLE_STRICT_OBJC_MSGSEND = YES;
				GCC_C_LANGUAGE_STANDARD = gnu11;
				GCC_NO_COMMON_BLOCKS = YES;
				GCC_WARN_64_TO_32_BIT_CONVERSION = YES;
				GCC_WARN_ABOUT_RETURN_TYPE = YES_ERROR;
				GCC_WARN_UNDECLARED_SELECTOR = YES;
				GCC_WARN_UNINITIALIZED_AUTOS = YES_AGGRESSIVE;
				GCC_WARN_UNUSED_FUNCTION = YES;
				GCC_WARN_UNUSED_VARIABLE = YES;
				IPHONEOS_DEPLOYMENT_TARGET = 16.0;
				MTL_ENABLE_DEBUG_INFO = NO;
				MTL_FAST_MATH = YES;
				SDKROOT = iphoneos;
				SWIFT_COMPILATION_MODE = wholemodule;
				SWIFT_OPTIMIZATION_LEVEL = "-O";
				VALIDATE_PRODUCT = YES;
			};
			name = Release;
		};
		32B0C86529B697B700AC9AFA /* Debug */ = {
			isa = XCBuildConfiguration;
			buildSettings = {
				ALWAYS_EMBED_SWIFT_STANDARD_LIBRARIES = YES;
				ASSETCATALOG_COMPILER_APPICON_NAME = AppIcon;
				ASSETCATALOG_COMPILER_GLOBAL_ACCENT_COLOR_NAME = AccentColor;
				CODE_SIGN_STYLE = Automatic;
				CURRENT_PROJECT_VERSION = 1;
				GENERATE_INFOPLIST_FILE = YES;
				INFOPLIST_FILE = "Project 19/Info.plist";
				INFOPLIST_KEY_UIApplicationSupportsIndirectInputEvents = YES;
				INFOPLIST_KEY_UILaunchStoryboardName = LaunchScreen;
				INFOPLIST_KEY_UIMainStoryboardFile = Main;
				INFOPLIST_KEY_UISupportedInterfaceOrientations_iPad = "UIInterfaceOrientationPortrait UIInterfaceOrientationPortraitUpsideDown UIInterfaceOrientationLandscapeLeft UIInterfaceOrientationLandscapeRight";
				INFOPLIST_KEY_UISupportedInterfaceOrientations_iPhone = "UIInterfaceOrientationPortrait UIInterfaceOrientationLandscapeLeft UIInterfaceOrientationLandscapeRight";
				LD_RUNPATH_SEARCH_PATHS = (
					"$(inherited)",
					"@executable_path/Frameworks",
				);
				MARKETING_VERSION = 1.0;
				PRODUCT_BUNDLE_IDENTIFIER = "-1.Project-19";
				PRODUCT_NAME = "$(TARGET_NAME)";
				SWIFT_EMIT_LOC_STRINGS = YES;
				SWIFT_VERSION = 5.0;
				TARGETED_DEVICE_FAMILY = "1,2";
			};
			name = Debug;
		};
		32B0C86629B697B700AC9AFA /* Release */ = {
			isa = XCBuildConfiguration;
			buildSettings = {
				ALWAYS_EMBED_SWIFT_STANDARD_LIBRARIES = YES;
				ASSETCATALOG_COMPILER_APPICON_NAME = AppIcon;
				ASSETCATALOG_COMPILER_GLOBAL_ACCENT_COLOR_NAME = AccentColor;
				CODE_SIGN_STYLE = Automatic;
				CURRENT_PROJECT_VERSION = 1;
				GENERATE_INFOPLIST_FILE = YES;
				INFOPLIST_FILE = "Project 19/Info.plist";
				INFOPLIST_KEY_UIApplicationSupportsIndirectInputEvents = YES;
				INFOPLIST_KEY_UILaunchStoryboardName = LaunchScreen;
				INFOPLIST_KEY_UIMainStoryboardFile = Main;
				INFOPLIST_KEY_UISupportedInterfaceOrientations_iPad = "UIInterfaceOrientationPortrait UIInterfaceOrientationPortraitUpsideDown UIInterfaceOrientationLandscapeLeft UIInterfaceOrientationLandscapeRight";
				INFOPLIST_KEY_UISupportedInterfaceOrientations_iPhone = "UIInterfaceOrientationPortrait UIInterfaceOrientationLandscapeLeft UIInterfaceOrientationLandscapeRight";
				LD_RUNPATH_SEARCH_PATHS = (
					"$(inherited)",
					"@executable_path/Frameworks",
				);
				MARKETING_VERSION = 1.0;
				PRODUCT_BUNDLE_IDENTIFIER = "-1.Project-19";
				PRODUCT_NAME = "$(TARGET_NAME)";
				SWIFT_EMIT_LOC_STRINGS = YES;
				SWIFT_VERSION = 5.0;
				TARGETED_DEVICE_FAMILY = "1,2";
			};
			name = Release;
		};
		32B0C87C29B69A5B00AC9AFA /* Debug */ = {
			isa = XCBuildConfiguration;
			buildSettings = {
				CODE_SIGN_STYLE = Automatic;
				CURRENT_PROJECT_VERSION = 1;
				GENERATE_INFOPLIST_FILE = YES;
				INFOPLIST_FILE = Extension/Info.plist;
				INFOPLIST_KEY_CFBundleDisplayName = Extension;
				INFOPLIST_KEY_NSHumanReadableCopyright = "";
				LD_RUNPATH_SEARCH_PATHS = (
					"$(inherited)",
					"@executable_path/Frameworks",
					"@executable_path/../../Frameworks",
				);
				MARKETING_VERSION = 1.0;
				PRODUCT_BUNDLE_IDENTIFIER = "-1.Project-19.Extension";
				PRODUCT_NAME = "$(TARGET_NAME)";
				SKIP_INSTALL = YES;
				SWIFT_EMIT_LOC_STRINGS = YES;
				SWIFT_VERSION = 5.0;
				TARGETED_DEVICE_FAMILY = "1,2";
			};
			name = Debug;
		};
		32B0C87D29B69A5B00AC9AFA /* Release */ = {
			isa = XCBuildConfiguration;
			buildSettings = {
				CODE_SIGN_STYLE = Automatic;
				CURRENT_PROJECT_VERSION = 1;
				GENERATE_INFOPLIST_FILE = YES;
				INFOPLIST_FILE = Extension/Info.plist;
				INFOPLIST_KEY_CFBundleDisplayName = Extension;
				INFOPLIST_KEY_NSHumanReadableCopyright = "";
				LD_RUNPATH_SEARCH_PATHS = (
					"$(inherited)",
					"@executable_path/Frameworks",
					"@executable_path/../../Frameworks",
				);
				MARKETING_VERSION = 1.0;
				PRODUCT_BUNDLE_IDENTIFIER = "-1.Project-19.Extension";
				PRODUCT_NAME = "$(TARGET_NAME)";
				SKIP_INSTALL = YES;
				SWIFT_EMIT_LOC_STRINGS = YES;
				SWIFT_VERSION = 5.0;
				TARGETED_DEVICE_FAMILY = "1,2";
			};
			name = Release;
		};
/* End XCBuildConfiguration section */

/* Begin XCConfigurationList section */
		32B0C84B29B697B700AC9AFA /* Build configuration list for PBXProject "Project 19" */ = {
			isa = XCConfigurationList;
			buildConfigurations = (
				32B0C86229B697B700AC9AFA /* Debug */,
				32B0C86329B697B700AC9AFA /* Release */,
			);
			defaultConfigurationIsVisible = 0;
			defaultConfigurationName = Release;
		};
		32B0C86429B697B700AC9AFA /* Build configuration list for PBXNativeTarget "Project 19" */ = {
			isa = XCConfigurationList;
			buildConfigurations = (
				32B0C86529B697B700AC9AFA /* Debug */,
				32B0C86629B697B700AC9AFA /* Release */,
			);
			defaultConfigurationIsVisible = 0;
			defaultConfigurationName = Release;
		};
		32B0C87B29B69A5B00AC9AFA /* Build configuration list for PBXNativeTarget "Extension" */ = {
			isa = XCConfigurationList;
			buildConfigurations = (
				32B0C87C29B69A5B00AC9AFA /* Debug */,
				32B0C87D29B69A5B00AC9AFA /* Release */,
			);
			defaultConfigurationIsVisible = 0;
			defaultConfigurationName = Release;
		};
/* End XCConfigurationList section */
	};
	rootObject = 32B0C84829B697B700AC9AFA /* Project object */;
}
